
Microsoft Visual Studio Solution File, Format Version 12.00
# Visual Studio Version 16
VisualStudioVersion = 16.0.29324.140
MinimumVisualStudioVersion = 10.0.40219.1
Project("{9A19103F-16F7-4668-BE54-9A1E7A4F7556}") = "Jal.Router", "Jal.Router\Jal.Router.csproj", "{01C0DBA5-6A4B-49C0-B7BC-75C12B84F191}"
EndProject
Project("{9A19103F-16F7-4668-BE54-9A1E7A4F7556}") = "Jal.Router.Installer", "Jal.Router.Installer\Jal.Router.Installer.csproj", "{9C5F53E5-A886-42FD-83D4-5C780786E6C4}"
EndProject
Project("{9A19103F-16F7-4668-BE54-9A1E7A4F7556}") = "Jal.Router.LightInject.Installer", "Jal.Router.LightInject.Installer\Jal.Router.LightInject.Installer.csproj", "{6173E97A-E056-4FB7-B4E3-3B5B66FDA2BB}"
EndProject
Project("{2150E333-8FDC-42A3-9474-1A3956D46DE8}") = "Solution Items", "Solution Items", "{740FCE48-14CF-4CA5-9145-1780B1567D55}"
	ProjectSection(SolutionItems) = preProject
		CONTRIBUTING.md = CONTRIBUTING.md
		LICENSE = LICENSE
		README.md = README.md
	EndProjectSection
EndProject
Project("{9A19103F-16F7-4668-BE54-9A1E7A4F7556}") = "Jal.Router.Logger", "Jal.Router.Logger\Jal.Router.Logger.csproj", "{1BB1884D-3CC4-41B8-8055-64460AD09E60}"
EndProject
Project("{9A19103F-16F7-4668-BE54-9A1E7A4F7556}") = "Jal.Router.AzureStorage", "Jal.Router.AzureStorage\Jal.Router.AzureStorage.csproj", "{9DDD8C4E-6C9A-4C8F-B558-84F656971990}"
EndProject
Project("{9A19103F-16F7-4668-BE54-9A1E7A4F7556}") = "Jal.Router.ApplicationInsights", "Jal.Router.ApplicationInsights\Jal.Router.ApplicationInsights.csproj", "{96ABC8C4-06F2-4799-9946-E6C51EA51182}"
EndProject
Project("{9A19103F-16F7-4668-BE54-9A1E7A4F7556}") = "Jal.Router.AzureServiceBus.Standard", "Jal.Router.AzureServiceBus.Standard\Jal.Router.AzureServiceBus.Standard.csproj", "{8C4085FD-2233-492D-84A3-4CE655BA9510}"
EndProject
Project("{9A19103F-16F7-4668-BE54-9A1E7A4F7556}") = "Jal.Router.Sample.NetCore", "Jal.Router.Sample.NetCore\Jal.Router.Sample.NetCore.csproj", "{E16FDBF0-CAB4-4A59-B795-E53C8CC2C873}"
EndProject
Project("{9A19103F-16F7-4668-BE54-9A1E7A4F7556}") = "Jal.Router.Azure.Standard.LightInject.Installer.All", "Jal.Router.Azure.Standard.LightInject.Installer.All\Jal.Router.Azure.Standard.LightInject.Installer.All.csproj", "{C19D5ACA-9642-4269-B5B2-D917C94C5B2E}"
EndProject
Project("{9A19103F-16F7-4668-BE54-9A1E7A4F7556}") = "Jal.Router.Newtonsoft", "Jal.Router.Newtonsoft\Jal.Router.Newtonsoft.csproj", "{C777539D-5DD8-481D-A323-65530DB08269}"
EndProject
Project("{9A19103F-16F7-4668-BE54-9A1E7A4F7556}") = "Jal.Router.Serilog", "Jal.Router.Serilog\Jal.Router.Serilog.csproj", "{E3851C84-AF73-46E2-90FD-5EE4484FB748}"
EndProject
Project("{9A19103F-16F7-4668-BE54-9A1E7A4F7556}") = "Jal.Router.Tests", "Jal.Router.Tests\Jal.Router.Tests.csproj", "{5589F65A-AD7C-46DD-8EEB-29C4E385E3FD}"
EndProject
Project("{9A19103F-16F7-4668-BE54-9A1E7A4F7556}") = "Jal.Router.Patterns", "Jal.Router.Patterns\Jal.Router.Patterns.csproj", "{AD9960D6-BD35-415C-93E9-E22CEC96193D}"
EndProject
Global
	GlobalSection(SolutionConfigurationPlatforms) = preSolution
		Debug|Any CPU = Debug|Any CPU
		Release|Any CPU = Release|Any CPU
	EndGlobalSection
	GlobalSection(ProjectConfigurationPlatforms) = postSolution
		{01C0DBA5-6A4B-49C0-B7BC-75C12B84F191}.Debug|Any CPU.ActiveCfg = Debug|Any CPU
		{01C0DBA5-6A4B-49C0-B7BC-75C12B84F191}.Debug|Any CPU.Build.0 = Debug|Any CPU
		{01C0DBA5-6A4B-49C0-B7BC-75C12B84F191}.Release|Any CPU.ActiveCfg = Release|Any CPU
		{01C0DBA5-6A4B-49C0-B7BC-75C12B84F191}.Release|Any CPU.Build.0 = Release|Any CPU
		{9C5F53E5-A886-42FD-83D4-5C780786E6C4}.Debug|Any CPU.ActiveCfg = Debug|Any CPU
		{9C5F53E5-A886-42FD-83D4-5C780786E6C4}.Debug|Any CPU.Build.0 = Debug|Any CPU
		{9C5F53E5-A886-42FD-83D4-5C780786E6C4}.Release|Any CPU.ActiveCfg = Release|Any CPU
		{9C5F53E5-A886-42FD-83D4-5C780786E6C4}.Release|Any CPU.Build.0 = Release|Any CPU
		{6173E97A-E056-4FB7-B4E3-3B5B66FDA2BB}.Debug|Any CPU.ActiveCfg = Debug|Any CPU
		{6173E97A-E056-4FB7-B4E3-3B5B66FDA2BB}.Debug|Any CPU.Build.0 = Debug|Any CPU
		{6173E97A-E056-4FB7-B4E3-3B5B66FDA2BB}.Release|Any CPU.ActiveCfg = Release|Any CPU
		{6173E97A-E056-4FB7-B4E3-3B5B66FDA2BB}.Release|Any CPU.Build.0 = Release|Any CPU
		{1BB1884D-3CC4-41B8-8055-64460AD09E60}.Debug|Any CPU.ActiveCfg = Debug|Any CPU
		{1BB1884D-3CC4-41B8-8055-64460AD09E60}.Debug|Any CPU.Build.0 = Debug|Any CPU
		{1BB1884D-3CC4-41B8-8055-64460AD09E60}.Release|Any CPU.ActiveCfg = Release|Any CPU
		{1BB1884D-3CC4-41B8-8055-64460AD09E60}.Release|Any CPU.Build.0 = Release|Any CPU
		{9DDD8C4E-6C9A-4C8F-B558-84F656971990}.Debug|Any CPU.ActiveCfg = Debug|Any CPU
		{9DDD8C4E-6C9A-4C8F-B558-84F656971990}.Debug|Any CPU.Build.0 = Debug|Any CPU
		{9DDD8C4E-6C9A-4C8F-B558-84F656971990}.Release|Any CPU.ActiveCfg = Release|Any CPU
		{9DDD8C4E-6C9A-4C8F-B558-84F656971990}.Release|Any CPU.Build.0 = Release|Any CPU
		{96ABC8C4-06F2-4799-9946-E6C51EA51182}.Debug|Any CPU.ActiveCfg = Debug|Any CPU
		{96ABC8C4-06F2-4799-9946-E6C51EA51182}.Debug|Any CPU.Build.0 = Debug|Any CPU
		{96ABC8C4-06F2-4799-9946-E6C51EA51182}.Release|Any CPU.ActiveCfg = Release|Any CPU
		{96ABC8C4-06F2-4799-9946-E6C51EA51182}.Release|Any CPU.Build.0 = Release|Any CPU
		{8C4085FD-2233-492D-84A3-4CE655BA9510}.Debug|Any CPU.ActiveCfg = Debug|Any CPU
		{8C4085FD-2233-492D-84A3-4CE655BA9510}.Debug|Any CPU.Build.0 = Debug|Any CPU
		{8C4085FD-2233-492D-84A3-4CE655BA9510}.Release|Any CPU.ActiveCfg = Release|Any CPU
		{8C4085FD-2233-492D-84A3-4CE655BA9510}.Release|Any CPU.Build.0 = Release|Any CPU
		{E16FDBF0-CAB4-4A59-B795-E53C8CC2C873}.Debug|Any CPU.ActiveCfg = Debug|Any CPU
		{E16FDBF0-CAB4-4A59-B795-E53C8CC2C873}.Debug|Any CPU.Build.0 = Debug|Any CPU
		{E16FDBF0-CAB4-4A59-B795-E53C8CC2C873}.Release|Any CPU.ActiveCfg = Release|Any CPU
		{E16FDBF0-CAB4-4A59-B795-E53C8CC2C873}.Release|Any CPU.Build.0 = Release|Any CPU
		{C19D5ACA-9642-4269-B5B2-D917C94C5B2E}.Debug|Any CPU.ActiveCfg = Debug|Any CPU
		{C19D5ACA-9642-4269-B5B2-D917C94C5B2E}.Debug|Any CPU.Build.0 = Debug|Any CPU
		{C19D5ACA-9642-4269-B5B2-D917C94C5B2E}.Release|Any CPU.ActiveCfg = Release|Any CPU
		{C19D5ACA-9642-4269-B5B2-D917C94C5B2E}.Release|Any CPU.Build.0 = Release|Any CPU
		{C777539D-5DD8-481D-A323-65530DB08269}.Debug|Any CPU.ActiveCfg = Debug|Any CPU
		{C777539D-5DD8-481D-A323-65530DB08269}.Debug|Any CPU.Build.0 = Debug|Any CPU
		{C777539D-5DD8-481D-A323-65530DB08269}.Release|Any CPU.ActiveCfg = Release|Any CPU
		{C777539D-5DD8-481D-A323-65530DB08269}.Release|Any CPU.Build.0 = Release|Any CPU
		{E3851C84-AF73-46E2-90FD-5EE4484FB748}.Debug|Any CPU.ActiveCfg = Debug|Any CPU
		{E3851C84-AF73-46E2-90FD-5EE4484FB748}.Debug|Any CPU.Build.0 = Debug|Any CPU
		{E3851C84-AF73-46E2-90FD-5EE4484FB748}.Release|Any CPU.ActiveCfg = Release|Any CPU
		{E3851C84-AF73-46E2-90FD-5EE4484FB748}.Release|Any CPU.Build.0 = Release|Any CPU
		{5589F65A-AD7C-46DD-8EEB-29C4E385E3FD}.Debug|Any CPU.ActiveCfg = Debug|Any CPU
		{5589F65A-AD7C-46DD-8EEB-29C4E385E3FD}.Debug|Any CPU.Build.0 = Debug|Any CPU
		{5589F65A-AD7C-46DD-8EEB-29C4E385E3FD}.Release|Any CPU.ActiveCfg = Release|Any CPU
		{5589F65A-AD7C-46DD-8EEB-29C4E385E3FD}.Release|Any CPU.Build.0 = Release|Any CPU
		{AD9960D6-BD35-415C-93E9-E22CEC96193D}.Debug|Any CPU.ActiveCfg = Debug|Any CPU
		{AD9960D6-BD35-415C-93E9-E22CEC96193D}.Debug|Any CPU.Build.0 = Debug|Any CPU
		{AD9960D6-BD35-415C-93E9-E22CEC96193D}.Release|Any CPU.ActiveCfg = Release|Any CPU
		{AD9960D6-BD35-415C-93E9-E22CEC96193D}.Release|Any CPU.Build.0 = Release|Any CPU
	EndGlobalSection
	GlobalSection(SolutionProperties) = preSolution
		HideSolutionNode = FALSE
	EndGlobalSection
	GlobalSection(ExtensibilityGlobals) = postSolution
		SolutionGuid = {C86633D0-8595-4062-8E83-44A09131D6BF}
	EndGlobalSection
EndGlobal
